
Microsoft Visual Studio Solution File, Format Version 12.00
# Visual Studio Version 16
VisualStudioVersion = 16.0.29306.81
MinimumVisualStudioVersion = 10.0.40219.1
Project("{FAE04EC0-301F-11D3-BF4B-00C04F79EFBC}") = "Teilrechnung", "Teilrechnung\Teilrechnung.csproj", "{AFEC42FB-65AB-4D79-A9AB-DA85920F7255}"
EndProject
Global
	GlobalSection(SolutionConfigurationPlatforms) = preSolution
		Debug|Any CPU = Debug|Any CPU
		Release|Any CPU = Release|Any CPU
	EndGlobalSection
	GlobalSection(ProjectConfigurationPlatforms) = postSolution
		{AFEC42FB-65AB-4D79-A9AB-DA85920F7255}.Debug|Any CPU.ActiveCfg = Debug|Any CPU
		{AFEC42FB-65AB-4D79-A9AB-DA85920F7255}.Debug|Any CPU.Build.0 = Debug|Any CPU
		{AFEC42FB-65AB-4D79-A9AB-DA85920F7255}.Release|Any CPU.ActiveCfg = Release|Any CPU
		{AFEC42FB-65AB-4D79-A9AB-DA85920F7255}.Release|Any CPU.Build.0 = Release|Any CPU
	EndGlobalSection
	GlobalSection(SolutionProperties) = preSolution
		HideSolutionNode = FALSE
	EndGlobalSection
	GlobalSection(ExtensibilityGlobals) = postSolution
		SolutionGuid = {95BD3B14-F361-47C5-AD37-EFF4E46C3C64}
	EndGlobalSection
EndGlobal
