
Microsoft Visual Studio Solution File, Format Version 12.00
# Visual Studio Version 16
VisualStudioVersion = 16.0.29306.81
MinimumVisualStudioVersion = 10.0.40219.1
Project("{FAE04EC0-301F-11D3-BF4B-00C04F79EFBC}") = "Zufallszahl erraten", "Zufallszahl erraten\Zufallszahl erraten.csproj", "{99D68076-F797-4F9E-BFB2-716925054FF8}"
EndProject
Global
	GlobalSection(SolutionConfigurationPlatforms) = preSolution
		Debug|Any CPU = Debug|Any CPU
		Release|Any CPU = Release|Any CPU
	EndGlobalSection
	GlobalSection(ProjectConfigurationPlatforms) = postSolution
		{99D68076-F797-4F9E-BFB2-716925054FF8}.Debug|Any CPU.ActiveCfg = Debug|Any CPU
		{99D68076-F797-4F9E-BFB2-716925054FF8}.Debug|Any CPU.Build.0 = Debug|Any CPU
		{99D68076-F797-4F9E-BFB2-716925054FF8}.Release|Any CPU.ActiveCfg = Release|Any CPU
		{99D68076-F797-4F9E-BFB2-716925054FF8}.Release|Any CPU.Build.0 = Release|Any CPU
	EndGlobalSection
	GlobalSection(SolutionProperties) = preSolution
		HideSolutionNode = FALSE
	EndGlobalSection
	GlobalSection(ExtensibilityGlobals) = postSolution
		SolutionGuid = {893BA696-4E5E-470A-B2F1-2BA51BE502D5}
	EndGlobalSection
EndGlobal
