
Microsoft Visual Studio Solution File, Format Version 12.00
# Visual Studio Version 16
VisualStudioVersion = 16.0.29306.81
MinimumVisualStudioVersion = 10.0.40219.1
Project("{FAE04EC0-301F-11D3-BF4B-00C04F79EFBC}") = "Fakultätsberechnung", "Fakultätsberechnung\Fakultätsberechnung.csproj", "{32B3E810-9AA0-43FC-8A51-44FDF6CCAA9D}"
EndProject
Global
	GlobalSection(SolutionConfigurationPlatforms) = preSolution
		Debug|Any CPU = Debug|Any CPU
		Release|Any CPU = Release|Any CPU
	EndGlobalSection
	GlobalSection(ProjectConfigurationPlatforms) = postSolution
		{32B3E810-9AA0-43FC-8A51-44FDF6CCAA9D}.Debug|Any CPU.ActiveCfg = Debug|Any CPU
		{32B3E810-9AA0-43FC-8A51-44FDF6CCAA9D}.Debug|Any CPU.Build.0 = Debug|Any CPU
		{32B3E810-9AA0-43FC-8A51-44FDF6CCAA9D}.Release|Any CPU.ActiveCfg = Release|Any CPU
		{32B3E810-9AA0-43FC-8A51-44FDF6CCAA9D}.Release|Any CPU.Build.0 = Release|Any CPU
	EndGlobalSection
	GlobalSection(SolutionProperties) = preSolution
		HideSolutionNode = FALSE
	EndGlobalSection
	GlobalSection(ExtensibilityGlobals) = postSolution
		SolutionGuid = {A6FBD600-02C4-4D95-9670-5E99D45A0608}
	EndGlobalSection
EndGlobal
