
Microsoft Visual Studio Solution File, Format Version 12.00
# Visual Studio Version 17
VisualStudioVersion = 17.4.33205.214
MinimumVisualStudioVersion = 10.0.40219.1
Project("{FAE04EC0-301F-11D3-BF4B-00C04F79EFBC}") = "Rechtecksberechnung", "Rechtecksberechnung\Rechtecksberechnung.csproj", "{165E4009-82AD-4B95-9E1E-AD2238FFDC9B}"
EndProject
Global
	GlobalSection(SolutionConfigurationPlatforms) = preSolution
		Debug|Any CPU = Debug|Any CPU
		Release|Any CPU = Release|Any CPU
	EndGlobalSection
	GlobalSection(ProjectConfigurationPlatforms) = postSolution
		{165E4009-82AD-4B95-9E1E-AD2238FFDC9B}.Debug|Any CPU.ActiveCfg = Debug|Any CPU
		{165E4009-82AD-4B95-9E1E-AD2238FFDC9B}.Debug|Any CPU.Build.0 = Debug|Any CPU
		{165E4009-82AD-4B95-9E1E-AD2238FFDC9B}.Release|Any CPU.ActiveCfg = Release|Any CPU
		{165E4009-82AD-4B95-9E1E-AD2238FFDC9B}.Release|Any CPU.Build.0 = Release|Any CPU
	EndGlobalSection
	GlobalSection(SolutionProperties) = preSolution
		HideSolutionNode = FALSE
	EndGlobalSection
	GlobalSection(ExtensibilityGlobals) = postSolution
		SolutionGuid = {0A744A90-E11A-4EA0-B580-B48E0CF81A17}
	EndGlobalSection
EndGlobal
