
Microsoft Visual Studio Solution File, Format Version 12.00
# Visual Studio Version 17
VisualStudioVersion = 17.4.33205.214
MinimumVisualStudioVersion = 10.0.40219.1
Project("{FAE04EC0-301F-11D3-BF4B-00C04F79EFBC}") = "Nullstellenberechnung", "Nullstellenberechnung.csproj", "{DCB0D3D0-1501-4429-9513-C7E89F19B0E6}"
EndProject
Global
	GlobalSection(SolutionConfigurationPlatforms) = preSolution
		Debug|Any CPU = Debug|Any CPU
		Release|Any CPU = Release|Any CPU
	EndGlobalSection
	GlobalSection(ProjectConfigurationPlatforms) = postSolution
		{DCB0D3D0-1501-4429-9513-C7E89F19B0E6}.Debug|Any CPU.ActiveCfg = Debug|Any CPU
		{DCB0D3D0-1501-4429-9513-C7E89F19B0E6}.Debug|Any CPU.Build.0 = Debug|Any CPU
		{DCB0D3D0-1501-4429-9513-C7E89F19B0E6}.Release|Any CPU.ActiveCfg = Release|Any CPU
		{DCB0D3D0-1501-4429-9513-C7E89F19B0E6}.Release|Any CPU.Build.0 = Release|Any CPU
	EndGlobalSection
	GlobalSection(SolutionProperties) = preSolution
		HideSolutionNode = FALSE
	EndGlobalSection
	GlobalSection(ExtensibilityGlobals) = postSolution
		SolutionGuid = {3BD92615-B12A-42FA-B6A2-A6B0D1854615}
	EndGlobalSection
EndGlobal
