
Microsoft Visual Studio Solution File, Format Version 12.00
# Visual Studio Version 16
VisualStudioVersion = 16.0.29306.81
MinimumVisualStudioVersion = 10.0.40219.1
Project("{FAE04EC0-301F-11D3-BF4B-00C04F79EFBC}") = "Rechung Multi-Tool", "Rechung Multi-Tool\Rechung Multi-Tool.csproj", "{9B7DBD60-9A63-4176-9D0D-68AD855A78CC}"
EndProject
Global
	GlobalSection(SolutionConfigurationPlatforms) = preSolution
		Debug|Any CPU = Debug|Any CPU
		Release|Any CPU = Release|Any CPU
	EndGlobalSection
	GlobalSection(ProjectConfigurationPlatforms) = postSolution
		{9B7DBD60-9A63-4176-9D0D-68AD855A78CC}.Debug|Any CPU.ActiveCfg = Debug|Any CPU
		{9B7DBD60-9A63-4176-9D0D-68AD855A78CC}.Debug|Any CPU.Build.0 = Debug|Any CPU
		{9B7DBD60-9A63-4176-9D0D-68AD855A78CC}.Release|Any CPU.ActiveCfg = Release|Any CPU
		{9B7DBD60-9A63-4176-9D0D-68AD855A78CC}.Release|Any CPU.Build.0 = Release|Any CPU
	EndGlobalSection
	GlobalSection(SolutionProperties) = preSolution
		HideSolutionNode = FALSE
	EndGlobalSection
	GlobalSection(ExtensibilityGlobals) = postSolution
		SolutionGuid = {463FF338-77A3-4211-B40B-398B5EF2905F}
	EndGlobalSection
EndGlobal
