
Microsoft Visual Studio Solution File, Format Version 12.00
# Visual Studio Version 16
VisualStudioVersion = 16.0.29306.81
MinimumVisualStudioVersion = 10.0.40219.1
Project("{FAE04EC0-301F-11D3-BF4B-00C04F79EFBC}") = "Währungsrechner", "Währungsrechner\Währungsrechner.csproj", "{66A6D520-3197-46EC-9152-0F0E2CDD6413}"
EndProject
Global
	GlobalSection(SolutionConfigurationPlatforms) = preSolution
		Debug|Any CPU = Debug|Any CPU
		Release|Any CPU = Release|Any CPU
	EndGlobalSection
	GlobalSection(ProjectConfigurationPlatforms) = postSolution
		{66A6D520-3197-46EC-9152-0F0E2CDD6413}.Debug|Any CPU.ActiveCfg = Debug|Any CPU
		{66A6D520-3197-46EC-9152-0F0E2CDD6413}.Debug|Any CPU.Build.0 = Debug|Any CPU
		{66A6D520-3197-46EC-9152-0F0E2CDD6413}.Release|Any CPU.ActiveCfg = Release|Any CPU
		{66A6D520-3197-46EC-9152-0F0E2CDD6413}.Release|Any CPU.Build.0 = Release|Any CPU
	EndGlobalSection
	GlobalSection(SolutionProperties) = preSolution
		HideSolutionNode = FALSE
	EndGlobalSection
	GlobalSection(ExtensibilityGlobals) = postSolution
		SolutionGuid = {01B1A301-112E-4E8D-B831-F4622211C546}
	EndGlobalSection
EndGlobal
