
Microsoft Visual Studio Solution File, Format Version 12.00
# Visual Studio Version 16
VisualStudioVersion = 16.0.29306.81
MinimumVisualStudioVersion = 10.0.40219.1
Project("{FAE04EC0-301F-11D3-BF4B-00C04F79EFBC}") = "Geradenrechnung", "Geradenrechnung\Geradenrechnung.csproj", "{FB6778C9-97B9-4BBC-BD68-5213BD8A1193}"
EndProject
Global
	GlobalSection(SolutionConfigurationPlatforms) = preSolution
		Debug|Any CPU = Debug|Any CPU
		Release|Any CPU = Release|Any CPU
	EndGlobalSection
	GlobalSection(ProjectConfigurationPlatforms) = postSolution
		{FB6778C9-97B9-4BBC-BD68-5213BD8A1193}.Debug|Any CPU.ActiveCfg = Debug|Any CPU
		{FB6778C9-97B9-4BBC-BD68-5213BD8A1193}.Debug|Any CPU.Build.0 = Debug|Any CPU
		{FB6778C9-97B9-4BBC-BD68-5213BD8A1193}.Release|Any CPU.ActiveCfg = Release|Any CPU
		{FB6778C9-97B9-4BBC-BD68-5213BD8A1193}.Release|Any CPU.Build.0 = Release|Any CPU
	EndGlobalSection
	GlobalSection(SolutionProperties) = preSolution
		HideSolutionNode = FALSE
	EndGlobalSection
	GlobalSection(ExtensibilityGlobals) = postSolution
		SolutionGuid = {9ABB2756-B90A-4E6F-8155-E4CFEB9C7CC6}
	EndGlobalSection
EndGlobal
