
Microsoft Visual Studio Solution File, Format Version 12.00
# Visual Studio Version 17
VisualStudioVersion = 17.3.32922.545
MinimumVisualStudioVersion = 10.0.40219.1
Project("{FAE04EC0-301F-11D3-BF4B-00C04F79EFBC}") = "Ungerade Zahlen bis zu einer Höchstgrenze ausgeben", "Ungerade Zahlen bis zu einer Höchstgrenze ausgeben\Ungerade Zahlen bis zu einer Höchstgrenze ausgeben.csproj", "{F5BFBA54-733C-4B94-AE25-E7D7235825A8}"
EndProject
Global
	GlobalSection(SolutionConfigurationPlatforms) = preSolution
		Debug|Any CPU = Debug|Any CPU
		Release|Any CPU = Release|Any CPU
	EndGlobalSection
	GlobalSection(ProjectConfigurationPlatforms) = postSolution
		{F5BFBA54-733C-4B94-AE25-E7D7235825A8}.Debug|Any CPU.ActiveCfg = Debug|Any CPU
		{F5BFBA54-733C-4B94-AE25-E7D7235825A8}.Debug|Any CPU.Build.0 = Debug|Any CPU
		{F5BFBA54-733C-4B94-AE25-E7D7235825A8}.Release|Any CPU.ActiveCfg = Release|Any CPU
		{F5BFBA54-733C-4B94-AE25-E7D7235825A8}.Release|Any CPU.Build.0 = Release|Any CPU
	EndGlobalSection
	GlobalSection(SolutionProperties) = preSolution
		HideSolutionNode = FALSE
	EndGlobalSection
	GlobalSection(ExtensibilityGlobals) = postSolution
		SolutionGuid = {848CF1EE-CB3F-4194-891B-18E7AD95BE7C}
	EndGlobalSection
EndGlobal
