
Microsoft Visual Studio Solution File, Format Version 12.00
# Visual Studio Version 17
VisualStudioVersion = 17.4.33205.214
MinimumVisualStudioVersion = 10.0.40219.1
Project("{FAE04EC0-301F-11D3-BF4B-00C04F79EFBC}") = "Dreiecksberechnung", "Dreiecksberechnung\Dreiecksberechnung.csproj", "{ECE8BF17-914A-4C58-93CE-C49B6033F7A0}"
EndProject
Global
	GlobalSection(SolutionConfigurationPlatforms) = preSolution
		Debug|Any CPU = Debug|Any CPU
		Release|Any CPU = Release|Any CPU
	EndGlobalSection
	GlobalSection(ProjectConfigurationPlatforms) = postSolution
		{ECE8BF17-914A-4C58-93CE-C49B6033F7A0}.Debug|Any CPU.ActiveCfg = Debug|Any CPU
		{ECE8BF17-914A-4C58-93CE-C49B6033F7A0}.Debug|Any CPU.Build.0 = Debug|Any CPU
		{ECE8BF17-914A-4C58-93CE-C49B6033F7A0}.Release|Any CPU.ActiveCfg = Release|Any CPU
		{ECE8BF17-914A-4C58-93CE-C49B6033F7A0}.Release|Any CPU.Build.0 = Release|Any CPU
	EndGlobalSection
	GlobalSection(SolutionProperties) = preSolution
		HideSolutionNode = FALSE
	EndGlobalSection
	GlobalSection(ExtensibilityGlobals) = postSolution
		SolutionGuid = {7A15558D-024A-42EF-B520-CC96B06A7E12}
	EndGlobalSection
EndGlobal
