
Microsoft Visual Studio Solution File, Format Version 12.00
# Visual Studio Version 17
VisualStudioVersion = 17.3.32922.545
MinimumVisualStudioVersion = 10.0.40219.1
Project("{FAE04EC0-301F-11D3-BF4B-00C04F79EFBC}") = "Zahlen 1 bis 100 ausgeben", "Zahlen 1 bis 100 ausgeben\Zahlen 1 bis 100 ausgeben.csproj", "{A8E69111-3D92-4FAF-A43A-DA0BD135CD9D}"
EndProject
Global
	GlobalSection(SolutionConfigurationPlatforms) = preSolution
		Debug|Any CPU = Debug|Any CPU
		Release|Any CPU = Release|Any CPU
	EndGlobalSection
	GlobalSection(ProjectConfigurationPlatforms) = postSolution
		{A8E69111-3D92-4FAF-A43A-DA0BD135CD9D}.Debug|Any CPU.ActiveCfg = Debug|Any CPU
		{A8E69111-3D92-4FAF-A43A-DA0BD135CD9D}.Debug|Any CPU.Build.0 = Debug|Any CPU
		{A8E69111-3D92-4FAF-A43A-DA0BD135CD9D}.Release|Any CPU.ActiveCfg = Release|Any CPU
		{A8E69111-3D92-4FAF-A43A-DA0BD135CD9D}.Release|Any CPU.Build.0 = Release|Any CPU
	EndGlobalSection
	GlobalSection(SolutionProperties) = preSolution
		HideSolutionNode = FALSE
	EndGlobalSection
	GlobalSection(ExtensibilityGlobals) = postSolution
		SolutionGuid = {B7DDA09A-508B-4CC0-8BF6-C976CA0ADF4A}
	EndGlobalSection
EndGlobal
